// !$*UTF8*$!
{
	archiveVersion = 1;
	classes = {
	};
	objectVersion = 50;
	objects = {

/* Begin PBXBuildFile section */
		E028E7BE2341AAEC00E7841D /* AppDelegate.swift in Sources */ = {isa = PBXBuildFile; fileRef = E028E7BD2341AAEC00E7841D /* AppDelegate.swift */; };
		E028E7C02341AAEC00E7841D /* SceneDelegate.swift in Sources */ = {isa = PBXBuildFile; fileRef = E028E7BF2341AAEC00E7841D /* SceneDelegate.swift */; };
		E028E7C22341AAEC00E7841D /* ContentView.swift in Sources */ = {isa = PBXBuildFile; fileRef = E028E7C12341AAEC00E7841D /* ContentView.swift */; };
		E028E7C42341AAEE00E7841D /* Assets.xcassets in Resources */ = {isa = PBXBuildFile; fileRef = E028E7C32341AAEE00E7841D /* Assets.xcassets */; };
		E028E7C72341AAEE00E7841D /* Preview Assets.xcassets in Resources */ = {isa = PBXBuildFile; fileRef = E028E7C62341AAEE00E7841D /* Preview Assets.xcassets */; };
		E028E7CA2341AAEE00E7841D /* LaunchScreen.storyboard in Resources */ = {isa = PBXBuildFile; fileRef = E028E7C82341AAEE00E7841D /* LaunchScreen.storyboard */; };
		E028E7F2234765C900E7841D /* FCList.swift in Sources */ = {isa = PBXBuildFile; fileRef = E028E7F1234765C900E7841D /* FCList.swift */; };
		E028E7F42347668500E7841D /* FCRow.swift in Sources */ = {isa = PBXBuildFile; fileRef = E028E7F32347668500E7841D /* FCRow.swift */; };
		E028E7F623476E0200E7841D /* FC.swift in Sources */ = {isa = PBXBuildFile; fileRef = E028E7F523476E0200E7841D /* FC.swift */; };
		E028E7F823476ED200E7841D /* Detail.swift in Sources */ = {isa = PBXBuildFile; fileRef = E028E7F723476ED200E7841D /* Detail.swift */; };
		E028E7FA2347758100E7841D /* FCDetail.swift in Sources */ = {isa = PBXBuildFile; fileRef = E028E7F92347758100E7841D /* FCDetail.swift */; };
		E028E7FE2347A85500E7841D /* PlayerData.swift in Sources */ = {isa = PBXBuildFile; fileRef = E028E7FD2347A85500E7841D /* PlayerData.swift */; };
		E028E8022347AB4100E7841D /* Player.swift in Sources */ = {isa = PBXBuildFile; fileRef = E028E8012347AB4100E7841D /* Player.swift */; };
		E028E8042347ABD200E7841D /* PlayerRow.swift in Sources */ = {isa = PBXBuildFile; fileRef = E028E8032347ABD100E7841D /* PlayerRow.swift */; };
		E028E80A2347B4E800E7841D /* PlayerList.swift in Sources */ = {isa = PBXBuildFile; fileRef = E028E8092347B4E700E7841D /* PlayerList.swift */; };
		E0AE0D1D2349ED5500C596DB /* Matches.swift in Sources */ = {isa = PBXBuildFile; fileRef = E0AE0D1C2349ED5500C596DB /* Matches.swift */; };
		E0AE0D21234A537900C596DB /* Main.swift in Sources */ = {isa = PBXBuildFile; fileRef = E0AE0D20234A537900C596DB /* Main.swift */; };
		E0F6F4F823486AD600BDC948 /* PlayerList2.swift in Sources */ = {isa = PBXBuildFile; fileRef = E0F6F4F723486AD600BDC948 /* PlayerList2.swift */; };
		E0F6F50223491A8B00BDC948 /* Standing.swift in Sources */ = {isa = PBXBuildFile; fileRef = E0F6F50123491A8B00BDC948 /* Standing.swift */; };
/* End PBXBuildFile section */

/* Begin PBXFileReference section */
		E028E7BA2341AAEC00E7841D /* Football.app */ = {isa = PBXFileReference; explicitFileType = wrapper.application; includeInIndex = 0; path = Football.app; sourceTree = BUILT_PRODUCTS_DIR; };
		E028E7BD2341AAEC00E7841D /* AppDelegate.swift */ = {isa = PBXFileReference; lastKnownFileType = sourcecode.swift; path = AppDelegate.swift; sourceTree = "<group>"; };
		E028E7BF2341AAEC00E7841D /* SceneDelegate.swift */ = {isa = PBXFileReference; lastKnownFileType = sourcecode.swift; path = SceneDelegate.swift; sourceTree = "<group>"; };
		E028E7C12341AAEC00E7841D /* ContentView.swift */ = {isa = PBXFileReference; lastKnownFileType = sourcecode.swift; path = ContentView.swift; sourceTree = "<group>"; };
		E028E7C32341AAEE00E7841D /* Assets.xcassets */ = {isa = PBXFileReference; lastKnownFileType = folder.assetcatalog; path = Assets.xcassets; sourceTree = "<group>"; };
		E028E7C62341AAEE00E7841D /* Preview Assets.xcassets */ = {isa = PBXFileReference; lastKnownFileType = folder.assetcatalog; path = "Preview Assets.xcassets"; sourceTree = "<group>"; };
		E028E7C92341AAEE00E7841D /* Base */ = {isa = PBXFileReference; lastKnownFileType = file.storyboard; name = Base; path = Base.lproj/LaunchScreen.storyboard; sourceTree = "<group>"; };
		E028E7CB2341AAEE00E7841D /* Info.plist */ = {isa = PBXFileReference; lastKnownFileType = text.plist.xml; path = Info.plist; sourceTree = "<group>"; };
		E028E7F1234765C900E7841D /* FCList.swift */ = {isa = PBXFileReference; lastKnownFileType = sourcecode.swift; path = FCList.swift; sourceTree = "<group>"; };
		E028E7F32347668500E7841D /* FCRow.swift */ = {isa = PBXFileReference; lastKnownFileType = sourcecode.swift; path = FCRow.swift; sourceTree = "<group>"; };
		E028E7F523476E0200E7841D /* FC.swift */ = {isa = PBXFileReference; lastKnownFileType = sourcecode.swift; path = FC.swift; sourceTree = "<group>"; };
		E028E7F723476ED200E7841D /* Detail.swift */ = {isa = PBXFileReference; lastKnownFileType = sourcecode.swift; path = Detail.swift; sourceTree = "<group>"; };
		E028E7F92347758100E7841D /* FCDetail.swift */ = {isa = PBXFileReference; lastKnownFileType = sourcecode.swift; path = FCDetail.swift; sourceTree = "<group>"; };
		E028E7FD2347A85500E7841D /* PlayerData.swift */ = {isa = PBXFileReference; lastKnownFileType = sourcecode.swift; path = PlayerData.swift; sourceTree = "<group>"; };
		E028E8012347AB4100E7841D /* Player.swift */ = {isa = PBXFileReference; lastKnownFileType = sourcecode.swift; path = Player.swift; sourceTree = "<group>"; };
		E028E8032347ABD100E7841D /* PlayerRow.swift */ = {isa = PBXFileReference; lastKnownFileType = sourcecode.swift; path = PlayerRow.swift; sourceTree = "<group>"; };
		E028E8092347B4E700E7841D /* PlayerList.swift */ = {isa = PBXFileReference; lastKnownFileType = sourcecode.swift; path = PlayerList.swift; sourceTree = "<group>"; };
		E0AE0D1C2349ED5500C596DB /* Matches.swift */ = {isa = PBXFileReference; lastKnownFileType = sourcecode.swift; path = Matches.swift; sourceTree = "<group>"; };
		E0AE0D20234A537900C596DB /* Main.swift */ = {isa = PBXFileReference; lastKnownFileType = sourcecode.swift; path = Main.swift; sourceTree = "<group>"; };
		E0F6F4F723486AD600BDC948 /* PlayerList2.swift */ = {isa = PBXFileReference; lastKnownFileType = sourcecode.swift; path = PlayerList2.swift; sourceTree = "<group>"; };
		E0F6F50123491A8B00BDC948 /* Standing.swift */ = {isa = PBXFileReference; lastKnownFileType = sourcecode.swift; path = Standing.swift; sourceTree = "<group>"; };
/* End PBXFileReference section */

/* Begin PBXFrameworksBuildPhase section */
		E028E7B72341AAEC00E7841D /* Frameworks */ = {
			isa = PBXFrameworksBuildPhase;
			buildActionMask = 2147483647;
			files = (
			);
			runOnlyForDeploymentPostprocessing = 0;
		};
/* End PBXFrameworksBuildPhase section */

/* Begin PBXGroup section */
		E028E7B12341AAEC00E7841D = {
			isa = PBXGroup;
			children = (
				E028E7BC2341AAEC00E7841D /* Football */,
				E028E7BB2341AAEC00E7841D /* Products */,
			);
			sourceTree = "<group>";
		};
		E028E7BB2341AAEC00E7841D /* Products */ = {
			isa = PBXGroup;
			children = (
				E028E7BA2341AAEC00E7841D /* Football.app */,
			);
			name = Products;
			sourceTree = "<group>";
		};
		E028E7BC2341AAEC00E7841D /* Football */ = {
			isa = PBXGroup;
			children = (
				E028E7BD2341AAEC00E7841D /* AppDelegate.swift */,
				E028E7BF2341AAEC00E7841D /* SceneDelegate.swift */,
				E028E7F1234765C900E7841D /* FCList.swift */,
				E0AE0D1C2349ED5500C596DB /* Matches.swift */,
				E028E7F32347668500E7841D /* FCRow.swift */,
				E028E7F723476ED200E7841D /* Detail.swift */,
				E028E7F92347758100E7841D /* FCDetail.swift */,
				E0F6F50123491A8B00BDC948 /* Standing.swift */,
				E028E7C12341AAEC00E7841D /* ContentView.swift */,
				E0AE0D20234A537900C596DB /* Main.swift */,
				E028E7F523476E0200E7841D /* FC.swift */,
				E028E8032347ABD100E7841D /* PlayerRow.swift */,
				E028E8092347B4E700E7841D /* PlayerList.swift */,
				E028E8012347AB4100E7841D /* Player.swift */,
				E028E7FD2347A85500E7841D /* PlayerData.swift */,
				E0F6F4F723486AD600BDC948 /* PlayerList2.swift */,
				E028E7C32341AAEE00E7841D /* Assets.xcassets */,
				E028E7C82341AAEE00E7841D /* LaunchScreen.storyboard */,
				E028E7CB2341AAEE00E7841D /* Info.plist */,
				E028E7C52341AAEE00E7841D /* Preview Content */,
			);
			path = Football;
			sourceTree = "<group>";
		};
		E028E7C52341AAEE00E7841D /* Preview Content */ = {
			isa = PBXGroup;
			children = (
				E028E7C62341AAEE00E7841D /* Preview Assets.xcassets */,
			);
			path = "Preview Content";
			sourceTree = "<group>";
		};
/* End PBXGroup section */

/* Begin PBXNativeTarget section */
		E028E7B92341AAEC00E7841D /* Football */ = {
			isa = PBXNativeTarget;
			buildConfigurationList = E028E7CE2341AAEE00E7841D /* Build configuration list for PBXNativeTarget "Football" */;
			buildPhases = (
				E028E7B62341AAEC00E7841D /* Sources */,
				E028E7B72341AAEC00E7841D /* Frameworks */,
				E028E7B82341AAEC00E7841D /* Resources */,
			);
			buildRules = (
			);
			dependencies = (
			);
			name = Football;
			productName = Football;
			productReference = E028E7BA2341AAEC00E7841D /* Football.app */;
			productType = "com.apple.product-type.application";
		};
/* End PBXNativeTarget section */

/* Begin PBXProject section */
		E028E7B22341AAEC00E7841D /* Project object */ = {
			isa = PBXProject;
			attributes = {
				LastSwiftUpdateCheck = 1100;
				LastUpgradeCheck = 1100;
				ORGANIZATIONNAME = "Natalie KU";
				TargetAttributes = {
					E028E7B92341AAEC00E7841D = {
						CreatedOnToolsVersion = 11.0;
					};
				};
			};
			buildConfigurationList = E028E7B52341AAEC00E7841D /* Build configuration list for PBXProject "Football" */;
			compatibilityVersion = "Xcode 9.3";
			developmentRegion = en;
			hasScannedForEncodings = 0;
			knownRegions = (
				en,
				Base,
			);
			mainGroup = E028E7B12341AAEC00E7841D;
			productRefGroup = E028E7BB2341AAEC00E7841D /* Products */;
			projectDirPath = "";
			projectRoot = "";
			targets = (
				E028E7B92341AAEC00E7841D /* Football */,
			);
		};
/* End PBXProject section */

/* Begin PBXResourcesBuildPhase section */
		E028E7B82341AAEC00E7841D /* Resources */ = {
			isa = PBXResourcesBuildPhase;
			buildActionMask = 2147483647;
			files = (
				E028E7CA2341AAEE00E7841D /* LaunchScreen.storyboard in Resources */,
				E028E7C72341AAEE00E7841D /* Preview Assets.xcassets in Resources */,
				E028E7C42341AAEE00E7841D /* Assets.xcassets in Resources */,
			);
			runOnlyForDeploymentPostprocessing = 0;
		};
/* End PBXResourcesBuildPhase section */

/* Begin PBXSourcesBuildPhase section */
		E028E7B62341AAEC00E7841D /* Sources */ = {
			isa = PBXSourcesBuildPhase;
			buildActionMask = 2147483647;
			files = (
				E028E8022347AB4100E7841D /* Player.swift in Sources */,
				E028E7F2234765C900E7841D /* FCList.swift in Sources */,
				E028E7F823476ED200E7841D /* Detail.swift in Sources */,
				E0F6F50223491A8B00BDC948 /* Standing.swift in Sources */,
				E028E7BE2341AAEC00E7841D /* AppDelegate.swift in Sources */,
				E028E80A2347B4E800E7841D /* PlayerList.swift in Sources */,
				E028E7F623476E0200E7841D /* FC.swift in Sources */,
				E028E7C02341AAEC00E7841D /* SceneDelegate.swift in Sources */,
				E028E7FA2347758100E7841D /* FCDetail.swift in Sources */,
				E028E7FE2347A85500E7841D /* PlayerData.swift in Sources */,
				E0AE0D21234A537900C596DB /* Main.swift in Sources */,
				E0F6F4F823486AD600BDC948 /* PlayerList2.swift in Sources */,
				E028E7C22341AAEC00E7841D /* ContentView.swift in Sources */,
				E028E7F42347668500E7841D /* FCRow.swift in Sources */,
				E0AE0D1D2349ED5500C596DB /* Matches.swift in Sources */,
				E028E8042347ABD200E7841D /* PlayerRow.swift in Sources */,
			);
			runOnlyForDeploymentPostprocessing = 0;
		};
/* End PBXSourcesBuildPhase section */

/* Begin PBXVariantGroup section */
		E028E7C82341AAEE00E7841D /* LaunchScreen.storyboard */ = {
			isa = PBXVariantGroup;
			children = (
				E028E7C92341AAEE00E7841D /* Base */,
			);
			name = LaunchScreen.storyboard;
			sourceTree = "<group>";
		};
/* End PBXVariantGroup section */

/* Begin XCBuildConfiguration section */
		E028E7CC2341AAEE00E7841D /* Debug */ = {
			isa = XCBuildConfiguration;
			buildSettings = {
				ALWAYS_SEARCH_USER_PATHS = NO;
				CLANG_ANALYZER_NONNULL = YES;
				CLANG_ANALYZER_NUMBER_OBJECT_CONVERSION = YES_AGGRESSIVE;
				CLANG_CXX_LANGUAGE_STANDARD = "gnu++14";
				CLANG_CXX_LIBRARY = "libc++";
				CLANG_ENABLE_MODULES = YES;
				CLANG_ENABLE_OBJC_ARC = YES;
				CLANG_ENABLE_OBJC_WEAK = YES;
				CLANG_WARN_BLOCK_CAPTURE_AUTORELEASING = YES;
				CLANG_WARN_BOOL_CONVERSION = YES;
				CLANG_WARN_COMMA = YES;
				CLANG_WARN_CONSTANT_CONVERSION = YES;
				CLANG_WARN_DEPRECATED_OBJC_IMPLEMENTATIONS = YES;
				CLANG_WARN_DIRECT_OBJC_ISA_USAGE = YES_ERROR;
				CLANG_WARN_DOCUMENTATION_COMMENTS = YES;
				CLANG_WARN_EMPTY_BODY = YES;
				CLANG_WARN_ENUM_CONVERSION = YES;
				CLANG_WARN_INFINITE_RECURSION = YES;
				CLANG_WARN_INT_CONVERSION = YES;
				CLANG_WARN_NON_LITERAL_NULL_CONVERSION = YES;
				CLANG_WARN_OBJC_IMPLICIT_RETAIN_SELF = YES;
				CLANG_WARN_OBJC_LITERAL_CONVERSION = YES;
				CLANG_WARN_OBJC_ROOT_CLASS = YES_ERROR;
				CLANG_WARN_RANGE_LOOP_ANALYSIS = YES;
				CLANG_WARN_STRICT_PROTOTYPES = YES;
				CLANG_WARN_SUSPICIOUS_MOVE = YES;
				CLANG_WARN_UNGUARDED_AVAILABILITY = YES_AGGRESSIVE;
				CLANG_WARN_UNREACHABLE_CODE = YES;
				CLANG_WARN__DUPLICATE_METHOD_MATCH = YES;
				COPY_PHASE_STRIP = NO;
				DEBUG_INFORMATION_FORMAT = dwarf;
				ENABLE_STRICT_OBJC_MSGSEND = YES;
				ENABLE_TESTABILITY = YES;
				GCC_C_LANGUAGE_STANDARD = gnu11;
				GCC_DYNAMIC_NO_PIC = NO;
				GCC_NO_COMMON_BLOCKS = YES;
				GCC_OPTIMIZATION_LEVEL = 0;
				GCC_PREPROCESSOR_DEFINITIONS = (
					"DEBUG=1",
					"$(inherited)",
				);
				GCC_WARN_64_TO_32_BIT_CONVERSION = YES;
				GCC_WARN_ABOUT_RETURN_TYPE = YES_ERROR;
				GCC_WARN_UNDECLARED_SELECTOR = YES;
				GCC_WARN_UNINITIALIZED_AUTOS = YES_AGGRESSIVE;
				GCC_WARN_UNUSED_FUNCTION = YES;
				GCC_WARN_UNUSED_VARIABLE = YES;
				IPHONEOS_DEPLOYMENT_TARGET = 13.0;
				MTL_ENABLE_DEBUG_INFO = INCLUDE_SOURCE;
				MTL_FAST_MATH = YES;
				ONLY_ACTIVE_ARCH = YES;
				SDKROOT = iphoneos;
				SWIFT_ACTIVE_COMPILATION_CONDITIONS = DEBUG;
				SWIFT_OPTIMIZATION_LEVEL = "-Onone";
			};
			name = Debug;
		};
		E028E7CD2341AAEE00E7841D /* Release */ = {
			isa = XCBuildConfiguration;
			buildSettings = {
				ALWAYS_SEARCH_USER_PATHS = NO;
				CLANG_ANALYZER_NONNULL = YES;
				CLANG_ANALYZER_NUMBER_OBJECT_CONVERSION = YES_AGGRESSIVE;
				CLANG_CXX_LANGUAGE_STANDARD = "gnu++14";
				CLANG_CXX_LIBRARY = "libc++";
				CLANG_ENABLE_MODULES = YES;
				CLANG_ENABLE_OBJC_ARC = YES;
				CLANG_ENABLE_OBJC_WEAK = YES;
				CLANG_WARN_BLOCK_CAPTURE_AUTORELEASING = YES;
				CLANG_WARN_BOOL_CONVERSION = YES;
				CLANG_WARN_COMMA = YES;
				CLANG_WARN_CONSTANT_CONVERSION = YES;
				CLANG_WARN_DEPRECATED_OBJC_IMPLEMENTATIONS = YES;
				CLANG_WARN_DIRECT_OBJC_ISA_USAGE = YES_ERROR;
				CLANG_WARN_DOCUMENTATION_COMMENTS = YES;
				CLANG_WARN_EMPTY_BODY = YES;
				CLANG_WARN_ENUM_CONVERSION = YES;
				CLANG_WARN_INFINITE_RECURSION = YES;
				CLANG_WARN_INT_CONVERSION = YES;
				CLANG_WARN_NON_LITERAL_NULL_CONVERSION = YES;
				CLANG_WARN_OBJC_IMPLICIT_RETAIN_SELF = YES;
				CLANG_WARN_OBJC_LITERAL_CONVERSION = YES;
				CLANG_WARN_OBJC_ROOT_CLASS = YES_ERROR;
				CLANG_WARN_RANGE_LOOP_ANALYSIS = YES;
				CLANG_WARN_STRICT_PROTOTYPES = YES;
				CLANG_WARN_SUSPICIOUS_MOVE = YES;
				CLANG_WARN_UNGUARDED_AVAILABILITY = YES_AGGRESSIVE;
				CLANG_WARN_UNREACHABLE_CODE = YES;
				CLANG_WARN__DUPLICATE_METHOD_MATCH = YES;
				COPY_PHASE_STRIP = NO;
				DEBUG_INFORMATION_FORMAT = "dwarf-with-dsym";
				ENABLE_NS_ASSERTIONS = NO;
				ENABLE_STRICT_OBJC_MSGSEND = YES;
				GCC_C_LANGUAGE_STANDARD = gnu11;
				GCC_NO_COMMON_BLOCKS = YES;
				GCC_WARN_64_TO_32_BIT_CONVERSION = YES;
				GCC_WARN_ABOUT_RETURN_TYPE = YES_ERROR;
				GCC_WARN_UNDECLARED_SELECTOR = YES;
				GCC_WARN_UNINITIALIZED_AUTOS = YES_AGGRESSIVE;
				GCC_WARN_UNUSED_FUNCTION = YES;
				GCC_WARN_UNUSED_VARIABLE = YES;
				IPHONEOS_DEPLOYMENT_TARGET = 13.0;
				MTL_ENABLE_DEBUG_INFO = NO;
				MTL_FAST_MATH = YES;
				SDKROOT = iphoneos;
				SWIFT_COMPILATION_MODE = wholemodule;
				SWIFT_OPTIMIZATION_LEVEL = "-O";
				VALIDATE_PRODUCT = YES;
			};
			name = Release;
		};
		E028E7CF2341AAEE00E7841D /* Debug */ = {
			isa = XCBuildConfiguration;
			buildSettings = {
				ASSETCATALOG_COMPILER_APPICON_NAME = AppIcon;
				CODE_SIGN_STYLE = Automatic;
				DEVELOPMENT_ASSET_PATHS = "\"Football/Preview Content\"";
				DEVELOPMENT_TEAM = HC9UU37FN8;
				ENABLE_PREVIEWS = YES;
				INFOPLIST_FILE = Football/Info.plist;
				LD_RUNPATH_SEARCH_PATHS = (
					"$(inherited)",
					"@executable_path/Frameworks",
				);
				PRODUCT_BUNDLE_IDENTIFIER = "-1.Football";
				PRODUCT_NAME = "$(TARGET_NAME)";
				SWIFT_VERSION = 5.0;
				TARGETED_DEVICE_FAMILY = "1,2";
			};
			name = Debug;
		};
		E028E7D02341AAEE00E7841D /* Release */ = {
			isa = XCBuildConfiguration;
			buildSettings = {
				ASSETCATALOG_COMPILER_APPICON_NAME = AppIcon;
				CODE_SIGN_STYLE = Automatic;
				DEVELOPMENT_ASSET_PATHS = "\"Football/Preview Content\"";
				DEVELOPMENT_TEAM = HC9UU37FN8;
				ENABLE_PREVIEWS = YES;
				INFOPLIST_FILE = Football/Info.plist;
				LD_RUNPATH_SEARCH_PATHS = (
					"$(inherited)",
					"@executable_path/Frameworks",
				);
				PRODUCT_BUNDLE_IDENTIFIER = "-1.Football";
				PRODUCT_NAME = "$(TARGET_NAME)";
				SWIFT_VERSION = 5.0;
				TARGETED_DEVICE_FAMILY = "1,2";
			};
			name = Release;
		};
/* End XCBuildConfiguration section */

/* Begin XCConfigurationList section */
		E028E7B52341AAEC00E7841D /* Build configuration list for PBXProject "Football" */ = {
			isa = XCConfigurationList;
			buildConfigurations = (
				E028E7CC2341AAEE00E7841D /* Debug */,
				E028E7CD2341AAEE00E7841D /* Release */,
			);
			defaultConfigurationIsVisible = 0;
			defaultConfigurationName = Release;
		};
		E028E7CE2341AAEE00E7841D /* Build configuration list for PBXNativeTarget "Football" */ = {
			isa = XCConfigurationList;
			buildConfigurations = (
				E028E7CF2341AAEE00E7841D /* Debug */,
				E028E7D02341AAEE00E7841D /* Release */,
			);
			defaultConfigurationIsVisible = 0;
			defaultConfigurationName = Release;
		};
/* End XCConfigurationList section */
	};
	rootObject = E028E7B22341AAEC00E7841D /* Project object */;
}
